
Microsoft Visual Studio Solution File, Format Version 12.00
# Visual Studio Version 17
VisualStudioVersion = 17.0.31903.59
MinimumVisualStudioVersion = 10.0.40219.1
Project("{FAE04EC0-301F-11D3-BF4B-00C04F79EFBC}") = "Mineshard.Api", "Api\Mineshard.Api.csproj", "{D5C8EED1-AE74-4438-9516-EBD6C2AD9218}"
EndProject
Project("{FAE04EC0-301F-11D3-BF4B-00C04F79EFBC}") = "Mineshard.Analyzer", "Analyzer\Mineshard.Analyzer.csproj", "{BF7068BA-2580-45A5-930C-C673E5684223}"
EndProject
Project("{FAE04EC0-301F-11D3-BF4B-00C04F79EFBC}") = "Mineshard.Persistence", "Persistence\Mineshard.Persistence.csproj", "{A7923B63-99CE-4C38-A356-D9E7472DC6BB}"
EndProject
Project("{FAE04EC0-301F-11D3-BF4B-00C04F79EFBC}") = "Mineshard.Api.Test", "Api.Test\Mineshard.Api.Test.csproj", "{7C453093-1DE6-4192-8462-449BEC681414}"
EndProject
Project("{FAE04EC0-301F-11D3-BF4B-00C04F79EFBC}") = "Mineshard.Analyzer.Test", "Analyzer.Test\Mineshard.Analyzer.Test.csproj", "{82044F2E-9EC4-4021-8CFF-98E708E79D45}"
EndProject
Global
	GlobalSection(SolutionConfigurationPlatforms) = preSolution
		Debug|Any CPU = Debug|Any CPU
		Release|Any CPU = Release|Any CPU
	EndGlobalSection
	GlobalSection(SolutionProperties) = preSolution
		HideSolutionNode = FALSE
	EndGlobalSection
	GlobalSection(ProjectConfigurationPlatforms) = postSolution
		{D5C8EED1-AE74-4438-9516-EBD6C2AD9218}.Debug|Any CPU.ActiveCfg = Debug|Any CPU
		{D5C8EED1-AE74-4438-9516-EBD6C2AD9218}.Debug|Any CPU.Build.0 = Debug|Any CPU
		{D5C8EED1-AE74-4438-9516-EBD6C2AD9218}.Release|Any CPU.ActiveCfg = Release|Any CPU
		{D5C8EED1-AE74-4438-9516-EBD6C2AD9218}.Release|Any CPU.Build.0 = Release|Any CPU
		{BF7068BA-2580-45A5-930C-C673E5684223}.Debug|Any CPU.ActiveCfg = Debug|Any CPU
		{BF7068BA-2580-45A5-930C-C673E5684223}.Debug|Any CPU.Build.0 = Debug|Any CPU
		{BF7068BA-2580-45A5-930C-C673E5684223}.Release|Any CPU.ActiveCfg = Release|Any CPU
		{BF7068BA-2580-45A5-930C-C673E5684223}.Release|Any CPU.Build.0 = Release|Any CPU
		{A7923B63-99CE-4C38-A356-D9E7472DC6BB}.Debug|Any CPU.ActiveCfg = Debug|Any CPU
		{A7923B63-99CE-4C38-A356-D9E7472DC6BB}.Debug|Any CPU.Build.0 = Debug|Any CPU
		{A7923B63-99CE-4C38-A356-D9E7472DC6BB}.Release|Any CPU.ActiveCfg = Release|Any CPU
		{A7923B63-99CE-4C38-A356-D9E7472DC6BB}.Release|Any CPU.Build.0 = Release|Any CPU
		{7C453093-1DE6-4192-8462-449BEC681414}.Debug|Any CPU.ActiveCfg = Debug|Any CPU
		{7C453093-1DE6-4192-8462-449BEC681414}.Debug|Any CPU.Build.0 = Debug|Any CPU
		{7C453093-1DE6-4192-8462-449BEC681414}.Release|Any CPU.ActiveCfg = Release|Any CPU
		{7C453093-1DE6-4192-8462-449BEC681414}.Release|Any CPU.Build.0 = Release|Any CPU
		{82044F2E-9EC4-4021-8CFF-98E708E79D45}.Debug|Any CPU.ActiveCfg = Debug|Any CPU
		{82044F2E-9EC4-4021-8CFF-98E708E79D45}.Debug|Any CPU.Build.0 = Debug|Any CPU
		{82044F2E-9EC4-4021-8CFF-98E708E79D45}.Release|Any CPU.ActiveCfg = Release|Any CPU
		{82044F2E-9EC4-4021-8CFF-98E708E79D45}.Release|Any CPU.Build.0 = Release|Any CPU
	EndGlobalSection
EndGlobal
